// !$*UTF8*$!
{
	archiveVersion = 1;
	classes = {
	};
	objectVersion = 55;
	objects = {

/* Begin PBXBuildFile section */
		8441E075277135080046B9CD /* AppDelegate.swift in Sources */ = {isa = PBXBuildFile; fileRef = 8441E074277135080046B9CD /* AppDelegate.swift */; };
		8441E077277135080046B9CD /* SceneDelegate.swift in Sources */ = {isa = PBXBuildFile; fileRef = 8441E076277135080046B9CD /* SceneDelegate.swift */; };
		8441E079277135080046B9CD /* ViewController.swift in Sources */ = {isa = PBXBuildFile; fileRef = 8441E078277135080046B9CD /* ViewController.swift */; };
		8441E07C277135080046B9CD /* Main.storyboard in Resources */ = {isa = PBXBuildFile; fileRef = 8441E07A277135080046B9CD /* Main.storyboard */; };
		8441E07F277135080046B9CD /* movieSaver.xcdatamodeld in Sources */ = {isa = PBXBuildFile; fileRef = 8441E07D277135080046B9CD /* movieSaver.xcdatamodeld */; };
		8441E0812771350A0046B9CD /* Assets.xcassets in Resources */ = {isa = PBXBuildFile; fileRef = 8441E0802771350A0046B9CD /* Assets.xcassets */; };
		8441E0842771350A0046B9CD /* LaunchScreen.storyboard in Resources */ = {isa = PBXBuildFile; fileRef = 8441E0822771350A0046B9CD /* LaunchScreen.storyboard */; };
		8441E08D277138AA0046B9CD /* Network .swift in Sources */ = {isa = PBXBuildFile; fileRef = 8441E08C277138AA0046B9CD /* Network .swift */; };
		8441E090277138E90046B9CD /* Box.swift in Sources */ = {isa = PBXBuildFile; fileRef = 8441E08F277138E90046B9CD /* Box.swift */; };
		8441E093277139340046B9CD /* Image+Extension.swift in Sources */ = {isa = PBXBuildFile; fileRef = 8441E092277139340046B9CD /* Image+Extension.swift */; };
		8441E099277139D20046B9CD /* MovieWorker.swift in Sources */ = {isa = PBXBuildFile; fileRef = 8441E098277139D20046B9CD /* MovieWorker.swift */; };
		8441E09B277145F70046B9CD /* SearchMovieModel.swift in Sources */ = {isa = PBXBuildFile; fileRef = 8441E09A277145F70046B9CD /* SearchMovieModel.swift */; };
		8441E09D277147290046B9CD /* MovieDetailModel.swift in Sources */ = {isa = PBXBuildFile; fileRef = 8441E09C277147290046B9CD /* MovieDetailModel.swift */; };
		8441E0A027714A4D0046B9CD /* MainViewController.swift in Sources */ = {isa = PBXBuildFile; fileRef = 8441E09E27714A4D0046B9CD /* MainViewController.swift */; };
		8441E0A127714A4D0046B9CD /* MainViewController.xib in Resources */ = {isa = PBXBuildFile; fileRef = 8441E09F27714A4D0046B9CD /* MainViewController.xib */; };
		8441E0A427714A860046B9CD /* MyMovieCell.swift in Sources */ = {isa = PBXBuildFile; fileRef = 8441E0A227714A860046B9CD /* MyMovieCell.swift */; };
		8441E0A527714A860046B9CD /* MyMovieCell.xib in Resources */ = {isa = PBXBuildFile; fileRef = 8441E0A327714A860046B9CD /* MyMovieCell.xib */; };
		8441E0AA277157890046B9CD /* SearchViewController.swift in Sources */ = {isa = PBXBuildFile; fileRef = 8441E0A8277157890046B9CD /* SearchViewController.swift */; };
		8441E0AB277157890046B9CD /* SearchViewController.xib in Resources */ = {isa = PBXBuildFile; fileRef = 8441E0A9277157890046B9CD /* SearchViewController.xib */; };
		848E7D502775243500E12AB3 /* Device Manager.swift in Sources */ = {isa = PBXBuildFile; fileRef = 848E7D4F2775243500E12AB3 /* Device Manager.swift */; };
		84B3B7CD277284DB00FB6F82 /* SearchViewModel.swift in Sources */ = {isa = PBXBuildFile; fileRef = 84B3B7CC277284DB00FB6F82 /* SearchViewModel.swift */; };
		84B3B7D127728D0D00FB6F82 /* SearchMovieCell.swift in Sources */ = {isa = PBXBuildFile; fileRef = 84B3B7CF27728D0D00FB6F82 /* SearchMovieCell.swift */; };
		84B3B7D227728D0D00FB6F82 /* SearchMovieCell.xib in Resources */ = {isa = PBXBuildFile; fileRef = 84B3B7D027728D0D00FB6F82 /* SearchMovieCell.xib */; };
		84B3B7D6277295CA00FB6F82 /* MovieDetailsViewController.swift in Sources */ = {isa = PBXBuildFile; fileRef = 84B3B7D4277295CA00FB6F82 /* MovieDetailsViewController.swift */; };
		84B3B7D7277295CA00FB6F82 /* MovieDetailsViewController.xib in Resources */ = {isa = PBXBuildFile; fileRef = 84B3B7D5277295CA00FB6F82 /* MovieDetailsViewController.xib */; };
		84B3B7D927729CDA00FB6F82 /* MovieDetailsViewModel.swift in Sources */ = {isa = PBXBuildFile; fileRef = 84B3B7D827729CDA00FB6F82 /* MovieDetailsViewModel.swift */; };
		84CD4B9D2773870A0091616F /* HiddenMoviesViewController.swift in Sources */ = {isa = PBXBuildFile; fileRef = 84CD4B9B2773870A0091616F /* HiddenMoviesViewController.swift */; };
		84CD4B9E2773870A0091616F /* HiddenMoviesViewController.xib in Resources */ = {isa = PBXBuildFile; fileRef = 84CD4B9C2773870A0091616F /* HiddenMoviesViewController.xib */; };
		84CD4BA0277388050091616F /* HiddenMovieViewModel.swift in Sources */ = {isa = PBXBuildFile; fileRef = 84CD4B9F277388050091616F /* HiddenMovieViewModel.swift */; };
		84D079752773E17300CA6F87 /* NoConnectionExtension.swift in Sources */ = {isa = PBXBuildFile; fileRef = 84D079742773E17300CA6F87 /* NoConnectionExtension.swift */; };
		84EE77432772822C00A1A14D /* MainViewModel.swift in Sources */ = {isa = PBXBuildFile; fileRef = 84EE77422772822C00A1A14D /* MainViewModel.swift */; };
/* End PBXBuildFile section */

/* Begin PBXFileReference section */
		8441E071277135080046B9CD /* movieSaver.app */ = {isa = PBXFileReference; explicitFileType = wrapper.application; includeInIndex = 0; path = movieSaver.app; sourceTree = BUILT_PRODUCTS_DIR; };
		8441E074277135080046B9CD /* AppDelegate.swift */ = {isa = PBXFileReference; lastKnownFileType = sourcecode.swift; path = AppDelegate.swift; sourceTree = "<group>"; };
		8441E076277135080046B9CD /* SceneDelegate.swift */ = {isa = PBXFileReference; lastKnownFileType = sourcecode.swift; path = SceneDelegate.swift; sourceTree = "<group>"; };
		8441E078277135080046B9CD /* ViewController.swift */ = {isa = PBXFileReference; lastKnownFileType = sourcecode.swift; path = ViewController.swift; sourceTree = "<group>"; };
		8441E07B277135080046B9CD /* Base */ = {isa = PBXFileReference; lastKnownFileType = file.storyboard; name = Base; path = Base.lproj/Main.storyboard; sourceTree = "<group>"; };
		8441E07E277135080046B9CD /* movieSaver.xcdatamodel */ = {isa = PBXFileReference; lastKnownFileType = wrapper.xcdatamodel; path = movieSaver.xcdatamodel; sourceTree = "<group>"; };
		8441E0802771350A0046B9CD /* Assets.xcassets */ = {isa = PBXFileReference; lastKnownFileType = folder.assetcatalog; path = Assets.xcassets; sourceTree = "<group>"; };
		8441E0832771350A0046B9CD /* Base */ = {isa = PBXFileReference; lastKnownFileType = file.storyboard; name = Base; path = Base.lproj/LaunchScreen.storyboard; sourceTree = "<group>"; };
		8441E0852771350A0046B9CD /* Info.plist */ = {isa = PBXFileReference; lastKnownFileType = text.plist.xml; path = Info.plist; sourceTree = "<group>"; };
		8441E08C277138AA0046B9CD /* Network .swift */ = {isa = PBXFileReference; lastKnownFileType = sourcecode.swift; path = "Network .swift"; sourceTree = "<group>"; };
		8441E08F277138E90046B9CD /* Box.swift */ = {isa = PBXFileReference; lastKnownFileType = sourcecode.swift; path = Box.swift; sourceTree = "<group>"; };
		8441E092277139340046B9CD /* Image+Extension.swift */ = {isa = PBXFileReference; lastKnownFileType = sourcecode.swift; path = "Image+Extension.swift"; sourceTree = "<group>"; };
		8441E098277139D20046B9CD /* MovieWorker.swift */ = {isa = PBXFileReference; lastKnownFileType = sourcecode.swift; path = MovieWorker.swift; sourceTree = "<group>"; };
		8441E09A277145F70046B9CD /* SearchMovieModel.swift */ = {isa = PBXFileReference; lastKnownFileType = sourcecode.swift; path = SearchMovieModel.swift; sourceTree = "<group>"; };
		8441E09C277147290046B9CD /* MovieDetailModel.swift */ = {isa = PBXFileReference; lastKnownFileType = sourcecode.swift; path = MovieDetailModel.swift; sourceTree = "<group>"; };
		8441E09E27714A4D0046B9CD /* MainViewController.swift */ = {isa = PBXFileReference; lastKnownFileType = sourcecode.swift; path = MainViewController.swift; sourceTree = "<group>"; };
		8441E09F27714A4D0046B9CD /* MainViewController.xib */ = {isa = PBXFileReference; lastKnownFileType = file.xib; path = MainViewController.xib; sourceTree = "<group>"; };
		8441E0A227714A860046B9CD /* MyMovieCell.swift */ = {isa = PBXFileReference; lastKnownFileType = sourcecode.swift; path = MyMovieCell.swift; sourceTree = "<group>"; };
		8441E0A327714A860046B9CD /* MyMovieCell.xib */ = {isa = PBXFileReference; lastKnownFileType = file.xib; path = MyMovieCell.xib; sourceTree = "<group>"; };
		8441E0A8277157890046B9CD /* SearchViewController.swift */ = {isa = PBXFileReference; lastKnownFileType = sourcecode.swift; path = SearchViewController.swift; sourceTree = "<group>"; };
		8441E0A9277157890046B9CD /* SearchViewController.xib */ = {isa = PBXFileReference; lastKnownFileType = file.xib; path = SearchViewController.xib; sourceTree = "<group>"; };
		848E7D4F2775243500E12AB3 /* Device Manager.swift */ = {isa = PBXFileReference; lastKnownFileType = sourcecode.swift; path = "Device Manager.swift"; sourceTree = "<group>"; };
		84B3B7CC277284DB00FB6F82 /* SearchViewModel.swift */ = {isa = PBXFileReference; lastKnownFileType = sourcecode.swift; path = SearchViewModel.swift; sourceTree = "<group>"; };
		84B3B7CF27728D0D00FB6F82 /* SearchMovieCell.swift */ = {isa = PBXFileReference; lastKnownFileType = sourcecode.swift; path = SearchMovieCell.swift; sourceTree = "<group>"; };
		84B3B7D027728D0D00FB6F82 /* SearchMovieCell.xib */ = {isa = PBXFileReference; lastKnownFileType = file.xib; path = SearchMovieCell.xib; sourceTree = "<group>"; };
		84B3B7D4277295CA00FB6F82 /* MovieDetailsViewController.swift */ = {isa = PBXFileReference; lastKnownFileType = sourcecode.swift; path = MovieDetailsViewController.swift; sourceTree = "<group>"; };
		84B3B7D5277295CA00FB6F82 /* MovieDetailsViewController.xib */ = {isa = PBXFileReference; lastKnownFileType = file.xib; path = MovieDetailsViewController.xib; sourceTree = "<group>"; };
		84B3B7D827729CDA00FB6F82 /* MovieDetailsViewModel.swift */ = {isa = PBXFileReference; lastKnownFileType = sourcecode.swift; path = MovieDetailsViewModel.swift; sourceTree = "<group>"; };
		84CD4B9B2773870A0091616F /* HiddenMoviesViewController.swift */ = {isa = PBXFileReference; lastKnownFileType = sourcecode.swift; path = HiddenMoviesViewController.swift; sourceTree = "<group>"; };
		84CD4B9C2773870A0091616F /* HiddenMoviesViewController.xib */ = {isa = PBXFileReference; lastKnownFileType = file.xib; path = HiddenMoviesViewController.xib; sourceTree = "<group>"; };
		84CD4B9F277388050091616F /* HiddenMovieViewModel.swift */ = {isa = PBXFileReference; lastKnownFileType = sourcecode.swift; path = HiddenMovieViewModel.swift; sourceTree = "<group>"; };
		84D079742773E17300CA6F87 /* NoConnectionExtension.swift */ = {isa = PBXFileReference; lastKnownFileType = sourcecode.swift; path = NoConnectionExtension.swift; sourceTree = "<group>"; };
		84EE77422772822C00A1A14D /* MainViewModel.swift */ = {isa = PBXFileReference; lastKnownFileType = sourcecode.swift; path = MainViewModel.swift; sourceTree = "<group>"; };
/* End PBXFileReference section */

/* Begin PBXFrameworksBuildPhase section */
		8441E06E277135080046B9CD /* Frameworks */ = {
			isa = PBXFrameworksBuildPhase;
			buildActionMask = 2147483647;
			files = (
			);
			runOnlyForDeploymentPostprocessing = 0;
		};
/* End PBXFrameworksBuildPhase section */

/* Begin PBXGroup section */
		8441E068277135080046B9CD = {
			isa = PBXGroup;
			children = (
				8441E073277135080046B9CD /* movieSaver */,
				8441E072277135080046B9CD /* Products */,
			);
			sourceTree = "<group>";
		};
		8441E072277135080046B9CD /* Products */ = {
			isa = PBXGroup;
			children = (
				8441E071277135080046B9CD /* movieSaver.app */,
			);
			name = Products;
			sourceTree = "<group>";
		};
		8441E073277135080046B9CD /* movieSaver */ = {
			isa = PBXGroup;
			children = (
				8441E096277139800046B9CD /* Scenes */,
				8441E095277139610046B9CD /* View Model */,
				8441E094277139520046B9CD /* Models */,
				8441E091277139220046B9CD /* Helpers */,
				8441E08E277138D30046B9CD /* Supporting Files */,
				8441E08B277138810046B9CD /* Data */,
				8441E074277135080046B9CD /* AppDelegate.swift */,
				8441E076277135080046B9CD /* SceneDelegate.swift */,
				8441E078277135080046B9CD /* ViewController.swift */,
				8441E07A277135080046B9CD /* Main.storyboard */,
				8441E0802771350A0046B9CD /* Assets.xcassets */,
				8441E0822771350A0046B9CD /* LaunchScreen.storyboard */,
				8441E0852771350A0046B9CD /* Info.plist */,
				8441E07D277135080046B9CD /* movieSaver.xcdatamodeld */,
			);
			path = movieSaver;
			sourceTree = "<group>";
		};
		8441E08B277138810046B9CD /* Data */ = {
			isa = PBXGroup;
			children = (
				8441E08C277138AA0046B9CD /* Network .swift */,
				8441E098277139D20046B9CD /* MovieWorker.swift */,
			);
			path = Data;
			sourceTree = "<group>";
		};
		8441E08E277138D30046B9CD /* Supporting Files */ = {
			isa = PBXGroup;
			children = (
				8441E08F277138E90046B9CD /* Box.swift */,
			);
			path = "Supporting Files";
			sourceTree = "<group>";
		};
		8441E091277139220046B9CD /* Helpers */ = {
			isa = PBXGroup;
			children = (
				8441E092277139340046B9CD /* Image+Extension.swift */,
				84D079742773E17300CA6F87 /* NoConnectionExtension.swift */,
				848E7D4F2775243500E12AB3 /* Device Manager.swift */,
			);
			path = Helpers;
			sourceTree = "<group>";
		};
		8441E094277139520046B9CD /* Models */ = {
			isa = PBXGroup;
			children = (
				8441E09A277145F70046B9CD /* SearchMovieModel.swift */,
				8441E09C277147290046B9CD /* MovieDetailModel.swift */,
			);
			path = Models;
			sourceTree = "<group>";
		};
		8441E095277139610046B9CD /* View Model */ = {
			isa = PBXGroup;
			children = (
				84EE77422772822C00A1A14D /* MainViewModel.swift */,
				84B3B7CC277284DB00FB6F82 /* SearchViewModel.swift */,
				84B3B7D827729CDA00FB6F82 /* MovieDetailsViewModel.swift */,
				84CD4B9F277388050091616F /* HiddenMovieViewModel.swift */,
			);
			path = "View Model";
			sourceTree = "<group>";
		};
		8441E096277139800046B9CD /* Scenes */ = {
			isa = PBXGroup;
			children = (
				84CD4B9A277386EC0091616F /* Hidden Movies */,
				8441E0972771398A0046B9CD /* Components */,
				84B3B7D3277295A600FB6F82 /* Movie Details */,
				8441E0A72771576A0046B9CD /* Search  */,
				8441E0A62771574E0046B9CD /* Main ViewController */,
			);
			path = Scenes;
			sourceTree = "<group>";
		};
		8441E0972771398A0046B9CD /* Components */ = {
			isa = PBXGroup;
			children = (
				84B3B7CE27728CED00FB6F82 /* Search Movie Cell */,
				8441E0A227714A860046B9CD /* MyMovieCell.swift */,
				8441E0A327714A860046B9CD /* MyMovieCell.xib */,
			);
			path = Components;
			sourceTree = "<group>";
		};
		8441E0A62771574E0046B9CD /* Main ViewController */ = {
			isa = PBXGroup;
			children = (
				8441E09E27714A4D0046B9CD /* MainViewController.swift */,
				8441E09F27714A4D0046B9CD /* MainViewController.xib */,
			);
			path = "Main ViewController";
			sourceTree = "<group>";
		};
		8441E0A72771576A0046B9CD /* Search  */ = {
			isa = PBXGroup;
			children = (
				8441E0A8277157890046B9CD /* SearchViewController.swift */,
				8441E0A9277157890046B9CD /* SearchViewController.xib */,
			);
			path = "Search ";
			sourceTree = "<group>";
		};
		84B3B7CE27728CED00FB6F82 /* Search Movie Cell */ = {
			isa = PBXGroup;
			children = (
				84B3B7CF27728D0D00FB6F82 /* SearchMovieCell.swift */,
				84B3B7D027728D0D00FB6F82 /* SearchMovieCell.xib */,
			);
			path = "Search Movie Cell";
			sourceTree = "<group>";
		};
		84B3B7D3277295A600FB6F82 /* Movie Details */ = {
			isa = PBXGroup;
			children = (
				84B3B7D4277295CA00FB6F82 /* MovieDetailsViewController.swift */,
				84B3B7D5277295CA00FB6F82 /* MovieDetailsViewController.xib */,
			);
			path = "Movie Details";
			sourceTree = "<group>";
		};
		84CD4B9A277386EC0091616F /* Hidden Movies */ = {
			isa = PBXGroup;
			children = (
				84CD4B9B2773870A0091616F /* HiddenMoviesViewController.swift */,
				84CD4B9C2773870A0091616F /* HiddenMoviesViewController.xib */,
			);
			path = "Hidden Movies";
			sourceTree = "<group>";
		};
/* End PBXGroup section */

/* Begin PBXNativeTarget section */
		8441E070277135080046B9CD /* movieSaver */ = {
			isa = PBXNativeTarget;
			buildConfigurationList = 8441E0882771350A0046B9CD /* Build configuration list for PBXNativeTarget "movieSaver" */;
			buildPhases = (
				8441E06D277135080046B9CD /* Sources */,
				8441E06E277135080046B9CD /* Frameworks */,
				8441E06F277135080046B9CD /* Resources */,
			);
			buildRules = (
			);
			dependencies = (
			);
			name = movieSaver;
			productName = movieSaver;
			productReference = 8441E071277135080046B9CD /* movieSaver.app */;
			productType = "com.apple.product-type.application";
		};
/* End PBXNativeTarget section */

/* Begin PBXProject section */
		8441E069277135080046B9CD /* Project object */ = {
			isa = PBXProject;
			attributes = {
				BuildIndependentTargetsInParallel = 1;
				LastSwiftUpdateCheck = 1310;
				LastUpgradeCheck = 1310;
				TargetAttributes = {
					8441E070277135080046B9CD = {
						CreatedOnToolsVersion = 13.1;
					};
				};
			};
			buildConfigurationList = 8441E06C277135080046B9CD /* Build configuration list for PBXProject "movieSaver" */;
			compatibilityVersion = "Xcode 13.0";
			developmentRegion = en;
			hasScannedForEncodings = 0;
			knownRegions = (
				en,
				Base,
			);
			mainGroup = 8441E068277135080046B9CD;
			productRefGroup = 8441E072277135080046B9CD /* Products */;
			projectDirPath = "";
			projectRoot = "";
			targets = (
				8441E070277135080046B9CD /* movieSaver */,
			);
		};
/* End PBXProject section */

/* Begin PBXResourcesBuildPhase section */
		8441E06F277135080046B9CD /* Resources */ = {
			isa = PBXResourcesBuildPhase;
			buildActionMask = 2147483647;
			files = (
				8441E0842771350A0046B9CD /* LaunchScreen.storyboard in Resources */,
				8441E0812771350A0046B9CD /* Assets.xcassets in Resources */,
				84B3B7D227728D0D00FB6F82 /* SearchMovieCell.xib in Resources */,
				8441E0AB277157890046B9CD /* SearchViewController.xib in Resources */,
				84B3B7D7277295CA00FB6F82 /* MovieDetailsViewController.xib in Resources */,
				8441E07C277135080046B9CD /* Main.storyboard in Resources */,
				8441E0A127714A4D0046B9CD /* MainViewController.xib in Resources */,
				84CD4B9E2773870A0091616F /* HiddenMoviesViewController.xib in Resources */,
				8441E0A527714A860046B9CD /* MyMovieCell.xib in Resources */,
			);
			runOnlyForDeploymentPostprocessing = 0;
		};
/* End PBXResourcesBuildPhase section */

/* Begin PBXSourcesBuildPhase section */
		8441E06D277135080046B9CD /* Sources */ = {
			isa = PBXSourcesBuildPhase;
			buildActionMask = 2147483647;
			files = (
				8441E09B277145F70046B9CD /* SearchMovieModel.swift in Sources */,
				84CD4BA0277388050091616F /* HiddenMovieViewModel.swift in Sources */,
				848E7D502775243500E12AB3 /* Device Manager.swift in Sources */,
				8441E0A027714A4D0046B9CD /* MainViewController.swift in Sources */,
				8441E099277139D20046B9CD /* MovieWorker.swift in Sources */,
				8441E093277139340046B9CD /* Image+Extension.swift in Sources */,
				84CD4B9D2773870A0091616F /* HiddenMoviesViewController.swift in Sources */,
				8441E07F277135080046B9CD /* movieSaver.xcdatamodeld in Sources */,
				8441E079277135080046B9CD /* ViewController.swift in Sources */,
				84B3B7D127728D0D00FB6F82 /* SearchMovieCell.swift in Sources */,
				84B3B7CD277284DB00FB6F82 /* SearchViewModel.swift in Sources */,
				84B3B7D927729CDA00FB6F82 /* MovieDetailsViewModel.swift in Sources */,
				8441E0A427714A860046B9CD /* MyMovieCell.swift in Sources */,
				84EE77432772822C00A1A14D /* MainViewModel.swift in Sources */,
				8441E08D277138AA0046B9CD /* Network .swift in Sources */,
				8441E0AA277157890046B9CD /* SearchViewController.swift in Sources */,
				8441E090277138E90046B9CD /* Box.swift in Sources */,
				8441E075277135080046B9CD /* AppDelegate.swift in Sources */,
				8441E077277135080046B9CD /* SceneDelegate.swift in Sources */,
				8441E09D277147290046B9CD /* MovieDetailModel.swift in Sources */,
				84D079752773E17300CA6F87 /* NoConnectionExtension.swift in Sources */,
				84B3B7D6277295CA00FB6F82 /* MovieDetailsViewController.swift in Sources */,
			);
			runOnlyForDeploymentPostprocessing = 0;
		};
/* End PBXSourcesBuildPhase section */

/* Begin PBXVariantGroup section */
		8441E07A277135080046B9CD /* Main.storyboard */ = {
			isa = PBXVariantGroup;
			children = (
				8441E07B277135080046B9CD /* Base */,
			);
			name = Main.storyboard;
			sourceTree = "<group>";
		};
		8441E0822771350A0046B9CD /* LaunchScreen.storyboard */ = {
			isa = PBXVariantGroup;
			children = (
				8441E0832771350A0046B9CD /* Base */,
			);
			name = LaunchScreen.storyboard;
			sourceTree = "<group>";
		};
/* End PBXVariantGroup section */

/* Begin XCBuildConfiguration section */
		8441E0862771350A0046B9CD /* Debug */ = {
			isa = XCBuildConfiguration;
			buildSettings = {
				ALWAYS_SEARCH_USER_PATHS = NO;
				CLANG_ANALYZER_NONNULL = YES;
				CLANG_ANALYZER_NUMBER_OBJECT_CONVERSION = YES_AGGRESSIVE;
				CLANG_CXX_LANGUAGE_STANDARD = "gnu++17";
				CLANG_CXX_LIBRARY = "libc++";
				CLANG_ENABLE_MODULES = YES;
				CLANG_ENABLE_OBJC_ARC = YES;
				CLANG_ENABLE_OBJC_WEAK = YES;
				CLANG_WARN_BLOCK_CAPTURE_AUTORELEASING = YES;
				CLANG_WARN_BOOL_CONVERSION = YES;
				CLANG_WARN_COMMA = YES;
				CLANG_WARN_CONSTANT_CONVERSION = YES;
				CLANG_WARN_DEPRECATED_OBJC_IMPLEMENTATIONS = YES;
				CLANG_WARN_DIRECT_OBJC_ISA_USAGE = YES_ERROR;
				CLANG_WARN_DOCUMENTATION_COMMENTS = YES;
				CLANG_WARN_EMPTY_BODY = YES;
				CLANG_WARN_ENUM_CONVERSION = YES;
				CLANG_WARN_INFINITE_RECURSION = YES;
				CLANG_WARN_INT_CONVERSION = YES;
				CLANG_WARN_NON_LITERAL_NULL_CONVERSION = YES;
				CLANG_WARN_OBJC_IMPLICIT_RETAIN_SELF = YES;
				CLANG_WARN_OBJC_LITERAL_CONVERSION = YES;
				CLANG_WARN_OBJC_ROOT_CLASS = YES_ERROR;
				CLANG_WARN_QUOTED_INCLUDE_IN_FRAMEWORK_HEADER = YES;
				CLANG_WARN_RANGE_LOOP_ANALYSIS = YES;
				CLANG_WARN_STRICT_PROTOTYPES = YES;
				CLANG_WARN_SUSPICIOUS_MOVE = YES;
				CLANG_WARN_UNGUARDED_AVAILABILITY = YES_AGGRESSIVE;
				CLANG_WARN_UNREACHABLE_CODE = YES;
				CLANG_WARN__DUPLICATE_METHOD_MATCH = YES;
				COPY_PHASE_STRIP = NO;
				DEBUG_INFORMATION_FORMAT = dwarf;
				ENABLE_STRICT_OBJC_MSGSEND = YES;
				ENABLE_TESTABILITY = YES;
				GCC_C_LANGUAGE_STANDARD = gnu11;
				GCC_DYNAMIC_NO_PIC = NO;
				GCC_NO_COMMON_BLOCKS = YES;
				GCC_OPTIMIZATION_LEVEL = 0;
				GCC_PREPROCESSOR_DEFINITIONS = (
					"DEBUG=1",
					"$(inherited)",
				);
				GCC_WARN_64_TO_32_BIT_CONVERSION = YES;
				GCC_WARN_ABOUT_RETURN_TYPE = YES_ERROR;
				GCC_WARN_UNDECLARED_SELECTOR = YES;
				GCC_WARN_UNINITIALIZED_AUTOS = YES_AGGRESSIVE;
				GCC_WARN_UNUSED_FUNCTION = YES;
				GCC_WARN_UNUSED_VARIABLE = YES;
				IPHONEOS_DEPLOYMENT_TARGET = 15.0;
				MTL_ENABLE_DEBUG_INFO = INCLUDE_SOURCE;
				MTL_FAST_MATH = YES;
				ONLY_ACTIVE_ARCH = YES;
				SDKROOT = iphoneos;
				SWIFT_ACTIVE_COMPILATION_CONDITIONS = DEBUG;
				SWIFT_OPTIMIZATION_LEVEL = "-Onone";
			};
			name = Debug;
		};
		8441E0872771350A0046B9CD /* Release */ = {
			isa = XCBuildConfiguration;
			buildSettings = {
				ALWAYS_SEARCH_USER_PATHS = NO;
				CLANG_ANALYZER_NONNULL = YES;
				CLANG_ANALYZER_NUMBER_OBJECT_CONVERSION = YES_AGGRESSIVE;
				CLANG_CXX_LANGUAGE_STANDARD = "gnu++17";
				CLANG_CXX_LIBRARY = "libc++";
				CLANG_ENABLE_MODULES = YES;
				CLANG_ENABLE_OBJC_ARC = YES;
				CLANG_ENABLE_OBJC_WEAK = YES;
				CLANG_WARN_BLOCK_CAPTURE_AUTORELEASING = YES;
				CLANG_WARN_BOOL_CONVERSION = YES;
				CLANG_WARN_COMMA = YES;
				CLANG_WARN_CONSTANT_CONVERSION = YES;
				CLANG_WARN_DEPRECATED_OBJC_IMPLEMENTATIONS = YES;
				CLANG_WARN_DIRECT_OBJC_ISA_USAGE = YES_ERROR;
				CLANG_WARN_DOCUMENTATION_COMMENTS = YES;
				CLANG_WARN_EMPTY_BODY = YES;
				CLANG_WARN_ENUM_CONVERSION = YES;
				CLANG_WARN_INFINITE_RECURSION = YES;
				CLANG_WARN_INT_CONVERSION = YES;
				CLANG_WARN_NON_LITERAL_NULL_CONVERSION = YES;
				CLANG_WARN_OBJC_IMPLICIT_RETAIN_SELF = YES;
				CLANG_WARN_OBJC_LITERAL_CONVERSION = YES;
				CLANG_WARN_OBJC_ROOT_CLASS = YES_ERROR;
				CLANG_WARN_QUOTED_INCLUDE_IN_FRAMEWORK_HEADER = YES;
				CLANG_WARN_RANGE_LOOP_ANALYSIS = YES;
				CLANG_WARN_STRICT_PROTOTYPES = YES;
				CLANG_WARN_SUSPICIOUS_MOVE = YES;
				CLANG_WARN_UNGUARDED_AVAILABILITY = YES_AGGRESSIVE;
				CLANG_WARN_UNREACHABLE_CODE = YES;
				CLANG_WARN__DUPLICATE_METHOD_MATCH = YES;
				COPY_PHASE_STRIP = NO;
				DEBUG_INFORMATION_FORMAT = "dwarf-with-dsym";
				ENABLE_NS_ASSERTIONS = NO;
				ENABLE_STRICT_OBJC_MSGSEND = YES;
				GCC_C_LANGUAGE_STANDARD = gnu11;
				GCC_NO_COMMON_BLOCKS = YES;
				GCC_WARN_64_TO_32_BIT_CONVERSION = YES;
				GCC_WARN_ABOUT_RETURN_TYPE = YES_ERROR;
				GCC_WARN_UNDECLARED_SELECTOR = YES;
				GCC_WARN_UNINITIALIZED_AUTOS = YES_AGGRESSIVE;
				GCC_WARN_UNUSED_FUNCTION = YES;
				GCC_WARN_UNUSED_VARIABLE = YES;
				IPHONEOS_DEPLOYMENT_TARGET = 15.0;
				MTL_ENABLE_DEBUG_INFO = NO;
				MTL_FAST_MATH = YES;
				SDKROOT = iphoneos;
				SWIFT_COMPILATION_MODE = wholemodule;
				SWIFT_OPTIMIZATION_LEVEL = "-O";
				VALIDATE_PRODUCT = YES;
			};
			name = Release;
		};
		8441E0892771350A0046B9CD /* Debug */ = {
			isa = XCBuildConfiguration;
			buildSettings = {
				ASSETCATALOG_COMPILER_APPICON_NAME = AppIcon;
				ASSETCATALOG_COMPILER_GLOBAL_ACCENT_COLOR_NAME = AccentColor;
				CODE_SIGN_STYLE = Automatic;
				CURRENT_PROJECT_VERSION = 1;
				DEVELOPMENT_TEAM = ZK3778VH39;
				GENERATE_INFOPLIST_FILE = YES;
				INFOPLIST_FILE = movieSaver/Info.plist;
				INFOPLIST_KEY_UIApplicationSupportsIndirectInputEvents = YES;
				INFOPLIST_KEY_UILaunchStoryboardName = LaunchScreen;
				INFOPLIST_KEY_UIMainStoryboardFile = Main;
				INFOPLIST_KEY_UISupportedInterfaceOrientations = UIInterfaceOrientationPortrait;
				INFOPLIST_KEY_UISupportedInterfaceOrientations_iPad = "UIInterfaceOrientationPortrait UIInterfaceOrientationPortraitUpsideDown UIInterfaceOrientationLandscapeLeft UIInterfaceOrientationLandscapeRight";
				INFOPLIST_KEY_UISupportedInterfaceOrientations_iPhone = "UIInterfaceOrientationPortrait UIInterfaceOrientationLandscapeLeft UIInterfaceOrientationLandscapeRight";
				LD_RUNPATH_SEARCH_PATHS = (
					"$(inherited)",
					"@executable_path/Frameworks",
				);
				MARKETING_VERSION = 1.0;
				PRODUCT_BUNDLE_IDENTIFIER = NasirH.movieSaver;
				PRODUCT_NAME = "$(TARGET_NAME)";
				SWIFT_EMIT_LOC_STRINGS = YES;
				SWIFT_VERSION = 5.0;
				TARGETED_DEVICE_FAMILY = "1,2";
			};
			name = Debug;
		};
		8441E08A2771350A0046B9CD /* Release */ = {
			isa = XCBuildConfiguration;
			buildSettings = {
				ASSETCATALOG_COMPILER_APPICON_NAME = AppIcon;
				ASSETCATALOG_COMPILER_GLOBAL_ACCENT_COLOR_NAME = AccentColor;
				CODE_SIGN_STYLE = Automatic;
				CURRENT_PROJECT_VERSION = 1;
				DEVELOPMENT_TEAM = ZK3778VH39;
				GENERATE_INFOPLIST_FILE = YES;
				INFOPLIST_FILE = movieSaver/Info.plist;
				INFOPLIST_KEY_UIApplicationSupportsIndirectInputEvents = YES;
				INFOPLIST_KEY_UILaunchStoryboardName = LaunchScreen;
				INFOPLIST_KEY_UIMainStoryboardFile = Main;
				INFOPLIST_KEY_UISupportedInterfaceOrientations = UIInterfaceOrientationPortrait;
				INFOPLIST_KEY_UISupportedInterfaceOrientations_iPad = "UIInterfaceOrientationPortrait UIInterfaceOrientationPortraitUpsideDown UIInterfaceOrientationLandscapeLeft UIInterfaceOrientationLandscapeRight";
				INFOPLIST_KEY_UISupportedInterfaceOrientations_iPhone = "UIInterfaceOrientationPortrait UIInterfaceOrientationLandscapeLeft UIInterfaceOrientationLandscapeRight";
				LD_RUNPATH_SEARCH_PATHS = (
					"$(inherited)",
					"@executable_path/Frameworks",
				);
				MARKETING_VERSION = 1.0;
				PRODUCT_BUNDLE_IDENTIFIER = NasirH.movieSaver;
				PRODUCT_NAME = "$(TARGET_NAME)";
				SWIFT_EMIT_LOC_STRINGS = YES;
				SWIFT_VERSION = 5.0;
				TARGETED_DEVICE_FAMILY = "1,2";
			};
			name = Release;
		};
/* End XCBuildConfiguration section */

/* Begin XCConfigurationList section */
		8441E06C277135080046B9CD /* Build configuration list for PBXProject "movieSaver" */ = {
			isa = XCConfigurationList;
			buildConfigurations = (
				8441E0862771350A0046B9CD /* Debug */,
				8441E0872771350A0046B9CD /* Release */,
			);
			defaultConfigurationIsVisible = 0;
			defaultConfigurationName = Release;
		};
		8441E0882771350A0046B9CD /* Build configuration list for PBXNativeTarget "movieSaver" */ = {
			isa = XCConfigurationList;
			buildConfigurations = (
				8441E0892771350A0046B9CD /* Debug */,
				8441E08A2771350A0046B9CD /* Release */,
			);
			defaultConfigurationIsVisible = 0;
			defaultConfigurationName = Release;
		};
/* End XCConfigurationList section */

/* Begin XCVersionGroup section */
		8441E07D277135080046B9CD /* movieSaver.xcdatamodeld */ = {
			isa = XCVersionGroup;
			children = (
				8441E07E277135080046B9CD /* movieSaver.xcdatamodel */,
			);
			currentVersion = 8441E07E277135080046B9CD /* movieSaver.xcdatamodel */;
			path = movieSaver.xcdatamodeld;
			sourceTree = "<group>";
			versionGroupType = wrapper.xcdatamodel;
		};
/* End XCVersionGroup section */
	};
	rootObject = 8441E069277135080046B9CD /* Project object */;
}
